
Microsoft Visual Studio Solution File, Format Version 12.00
# Visual Studio Version 16
VisualStudioVersion = 16.0.31911.196
MinimumVisualStudioVersion = 10.0.40219.1
Project("{9A19103F-16F7-4668-BE54-9A1E7A4F7556}") = "AuthPlayground", "AuthPlayground\AuthPlayground.csproj", "{7C253270-F339-4983-9AC9-D9CADF6A3585}"
EndProject
Project("{2150E333-8FDC-42A3-9474-1A3956D46DE8}") = "Solution Items", "Solution Items", "{7C25C925-3B7C-43DA-95C6-986D93EC5355}"
	ProjectSection(SolutionItems) = preProject
		README.md = README.md
	EndProjectSection
EndProject
Global
	GlobalSection(SolutionConfigurationPlatforms) = preSolution
		Debug|Any CPU = Debug|Any CPU
		Release|Any CPU = Release|Any CPU
	EndGlobalSection
	GlobalSection(ProjectConfigurationPlatforms) = postSolution
		{7C253270-F339-4983-9AC9-D9CADF6A3585}.Debug|Any CPU.ActiveCfg = Debug|Any CPU
		{7C253270-F339-4983-9AC9-D9CADF6A3585}.Debug|Any CPU.Build.0 = Debug|Any CPU
		{7C253270-F339-4983-9AC9-D9CADF6A3585}.Release|Any CPU.ActiveCfg = Release|Any CPU
		{7C253270-F339-4983-9AC9-D9CADF6A3585}.Release|Any CPU.Build.0 = Release|Any CPU
	EndGlobalSection
	GlobalSection(SolutionProperties) = preSolution
		HideSolutionNode = FALSE
	EndGlobalSection
	GlobalSection(ExtensibilityGlobals) = postSolution
		SolutionGuid = {861CB4B6-851B-4EC8-AB1E-36A00B4F375A}
	EndGlobalSection
EndGlobal
